// !$*UTF8*$!
{
	archiveVersion = 1;
	classes = {
	};
	objectVersion = 50;
	objects = {

/* Begin PBXBuildFile section */
		892BA477218B3EE20020C8B4 /* AppDelegate.swift in Sources */ = {isa = PBXBuildFile; fileRef = 892BA476218B3EE20020C8B4 /* AppDelegate.swift */; };
		892BA479218B3EE20020C8B4 /* ViewController.swift in Sources */ = {isa = PBXBuildFile; fileRef = 892BA478218B3EE20020C8B4 /* ViewController.swift */; };
		892BA47C218B3EE20020C8B4 /* Main.storyboard in Resources */ = {isa = PBXBuildFile; fileRef = 892BA47A218B3EE20020C8B4 /* Main.storyboard */; };
		892BA481218B3EE90020C8B4 /* Assets.xcassets in Resources */ = {isa = PBXBuildFile; fileRef = 892BA480218B3EE90020C8B4 /* Assets.xcassets */; };
		892BA484218B3EE90020C8B4 /* LaunchScreen.storyboard in Resources */ = {isa = PBXBuildFile; fileRef = 892BA482218B3EE90020C8B4 /* LaunchScreen.storyboard */; };
		892BA48F218B3EE90020C8B4 /* Databasator3000Tests.swift in Sources */ = {isa = PBXBuildFile; fileRef = 892BA48E218B3EE90020C8B4 /* Databasator3000Tests.swift */; };
		892BA49A218B3EE90020C8B4 /* Databasator3000UITests.swift in Sources */ = {isa = PBXBuildFile; fileRef = 892BA499218B3EE90020C8B4 /* Databasator3000UITests.swift */; };
		892BA4A8218B3F0A0020C8B4 /* CSV.swift in Sources */ = {isa = PBXBuildFile; fileRef = 892BA4A7218B3F0A0020C8B4 /* CSV.swift */; };
		892BA4AA218B3F1E0020C8B4 /* CoreDataStack.swift in Sources */ = {isa = PBXBuildFile; fileRef = 892BA4A9218B3F1E0020C8B4 /* CoreDataStack.swift */; };
		892BA4AD218B3F400020C8B4 /* DataBaze.xcdatamodeld in Sources */ = {isa = PBXBuildFile; fileRef = 892BA4AB218B3F400020C8B4 /* DataBaze.xcdatamodeld */; };
		892BA4B1218B41C90020C8B4 /* matrix.png in Resources */ = {isa = PBXBuildFile; fileRef = 892BA4B0218B41C90020C8B4 /* matrix.png */; };
		892BA4BB218EEF4E0020C8B4 /* eat.mp3 in Resources */ = {isa = PBXBuildFile; fileRef = 892BA4BA218EEF4E0020C8B4 /* eat.mp3 */; };
		89AE620C219AFD9300F98EE7 /* databaze.csv in Resources */ = {isa = PBXBuildFile; fileRef = 89AE620B219AFD9300F98EE7 /* databaze.csv */; };
/* End PBXBuildFile section */

/* Begin PBXContainerItemProxy section */
		892BA48B218B3EE90020C8B4 /* PBXContainerItemProxy */ = {
			isa = PBXContainerItemProxy;
			containerPortal = 892BA46B218B3EE20020C8B4 /* Project object */;
			proxyType = 1;
			remoteGlobalIDString = 892BA472218B3EE20020C8B4;
			remoteInfo = Databasator3000;
		};
		892BA496218B3EE90020C8B4 /* PBXContainerItemProxy */ = {
			isa = PBXContainerItemProxy;
			containerPortal = 892BA46B218B3EE20020C8B4 /* Project object */;
			proxyType = 1;
			remoteGlobalIDString = 892BA472218B3EE20020C8B4;
			remoteInfo = Databasator3000;
		};
/* End PBXContainerItemProxy section */

/* Begin PBXFileReference section */
		892BA473218B3EE20020C8B4 /* Databasator3000.app */ = {isa = PBXFileReference; explicitFileType = wrapper.application; includeInIndex = 0; path = Databasator3000.app; sourceTree = BUILT_PRODUCTS_DIR; };
		892BA476218B3EE20020C8B4 /* AppDelegate.swift */ = {isa = PBXFileReference; lastKnownFileType = sourcecode.swift; path = AppDelegate.swift; sourceTree = "<group>"; };
		892BA478218B3EE20020C8B4 /* ViewController.swift */ = {isa = PBXFileReference; lastKnownFileType = sourcecode.swift; path = ViewController.swift; sourceTree = "<group>"; };
		892BA47B218B3EE20020C8B4 /* Base */ = {isa = PBXFileReference; lastKnownFileType = file.storyboard; name = Base; path = Base.lproj/Main.storyboard; sourceTree = "<group>"; };
		892BA480218B3EE90020C8B4 /* Assets.xcassets */ = {isa = PBXFileReference; lastKnownFileType = folder.assetcatalog; path = Assets.xcassets; sourceTree = "<group>"; };
		892BA483218B3EE90020C8B4 /* Base */ = {isa = PBXFileReference; lastKnownFileType = file.storyboard; name = Base; path = Base.lproj/LaunchScreen.storyboard; sourceTree = "<group>"; };
		892BA485218B3EE90020C8B4 /* Info.plist */ = {isa = PBXFileReference; lastKnownFileType = text.plist.xml; path = Info.plist; sourceTree = "<group>"; };
		892BA48A218B3EE90020C8B4 /* Databasator3000Tests.xctest */ = {isa = PBXFileReference; explicitFileType = wrapper.cfbundle; includeInIndex = 0; path = Databasator3000Tests.xctest; sourceTree = BUILT_PRODUCTS_DIR; };
		892BA48E218B3EE90020C8B4 /* Databasator3000Tests.swift */ = {isa = PBXFileReference; lastKnownFileType = sourcecode.swift; path = Databasator3000Tests.swift; sourceTree = "<group>"; };
		892BA490218B3EE90020C8B4 /* Info.plist */ = {isa = PBXFileReference; lastKnownFileType = text.plist.xml; path = Info.plist; sourceTree = "<group>"; };
		892BA495218B3EE90020C8B4 /* Databasator3000UITests.xctest */ = {isa = PBXFileReference; explicitFileType = wrapper.cfbundle; includeInIndex = 0; path = Databasator3000UITests.xctest; sourceTree = BUILT_PRODUCTS_DIR; };
		892BA499218B3EE90020C8B4 /* Databasator3000UITests.swift */ = {isa = PBXFileReference; lastKnownFileType = sourcecode.swift; path = Databasator3000UITests.swift; sourceTree = "<group>"; };
		892BA49B218B3EE90020C8B4 /* Info.plist */ = {isa = PBXFileReference; lastKnownFileType = text.plist.xml; path = Info.plist; sourceTree = "<group>"; };
		892BA4A7218B3F0A0020C8B4 /* CSV.swift */ = {isa = PBXFileReference; fileEncoding = 4; lastKnownFileType = sourcecode.swift; path = CSV.swift; sourceTree = "<group>"; };
		892BA4A9218B3F1E0020C8B4 /* CoreDataStack.swift */ = {isa = PBXFileReference; fileEncoding = 4; lastKnownFileType = sourcecode.swift; path = CoreDataStack.swift; sourceTree = "<group>"; };
		892BA4AC218B3F400020C8B4 /* DataFinal280417.xcdatamodel */ = {isa = PBXFileReference; lastKnownFileType = wrapper.xcdatamodel; path = DataFinal280417.xcdatamodel; sourceTree = "<group>"; };
		892BA4B0218B41C90020C8B4 /* matrix.png */ = {isa = PBXFileReference; lastKnownFileType = image.png; path = matrix.png; sourceTree = "<group>"; };
		892BA4BA218EEF4E0020C8B4 /* eat.mp3 */ = {isa = PBXFileReference; lastKnownFileType = audio.mp3; path = eat.mp3; sourceTree = "<group>"; };
		89AE620B219AFD9300F98EE7 /* databaze.csv */ = {isa = PBXFileReference; fileEncoding = 4; lastKnownFileType = text; path = databaze.csv; sourceTree = "<group>"; };
/* End PBXFileReference section */

/* Begin PBXFrameworksBuildPhase section */
		892BA470218B3EE20020C8B4 /* Frameworks */ = {
			isa = PBXFrameworksBuildPhase;
			buildActionMask = 2147483647;
			files = (
			);
			runOnlyForDeploymentPostprocessing = 0;
		};
		892BA487218B3EE90020C8B4 /* Frameworks */ = {
			isa = PBXFrameworksBuildPhase;
			buildActionMask = 2147483647;
			files = (
			);
			runOnlyForDeploymentPostprocessing = 0;
		};
		892BA492218B3EE90020C8B4 /* Frameworks */ = {
			isa = PBXFrameworksBuildPhase;
			buildActionMask = 2147483647;
			files = (
			);
			runOnlyForDeploymentPostprocessing = 0;
		};
/* End PBXFrameworksBuildPhase section */

/* Begin PBXGroup section */
		892BA46A218B3EE20020C8B4 = {
			isa = PBXGroup;
			children = (
				892BA475218B3EE20020C8B4 /* Databasator3000 */,
				892BA48D218B3EE90020C8B4 /* Databasator3000Tests */,
				892BA498218B3EE90020C8B4 /* Databasator3000UITests */,
				892BA474218B3EE20020C8B4 /* Products */,
			);
			sourceTree = "<group>";
		};
		892BA474218B3EE20020C8B4 /* Products */ = {
			isa = PBXGroup;
			children = (
				892BA473218B3EE20020C8B4 /* Databasator3000.app */,
				892BA48A218B3EE90020C8B4 /* Databasator3000Tests.xctest */,
				892BA495218B3EE90020C8B4 /* Databasator3000UITests.xctest */,
			);
			name = Products;
			sourceTree = "<group>";
		};
		892BA475218B3EE20020C8B4 /* Databasator3000 */ = {
			isa = PBXGroup;
			children = (
				892BA476218B3EE20020C8B4 /* AppDelegate.swift */,
				892BA478218B3EE20020C8B4 /* ViewController.swift */,
				892BA47A218B3EE20020C8B4 /* Main.storyboard */,
				892BA4A7218B3F0A0020C8B4 /* CSV.swift */,
				892BA4A9218B3F1E0020C8B4 /* CoreDataStack.swift */,
				89AE620B219AFD9300F98EE7 /* databaze.csv */,
				892BA4B0218B41C90020C8B4 /* matrix.png */,
				892BA4AB218B3F400020C8B4 /* DataBaze.xcdatamodeld */,
				892BA4BA218EEF4E0020C8B4 /* eat.mp3 */,
				892BA480218B3EE90020C8B4 /* Assets.xcassets */,
				892BA482218B3EE90020C8B4 /* LaunchScreen.storyboard */,
				892BA485218B3EE90020C8B4 /* Info.plist */,
			);
			path = Databasator3000;
			sourceTree = "<group>";
		};
		892BA48D218B3EE90020C8B4 /* Databasator3000Tests */ = {
			isa = PBXGroup;
			children = (
				892BA48E218B3EE90020C8B4 /* Databasator3000Tests.swift */,
				892BA490218B3EE90020C8B4 /* Info.plist */,
			);
			path = Databasator3000Tests;
			sourceTree = "<group>";
		};
		892BA498218B3EE90020C8B4 /* Databasator3000UITests */ = {
			isa = PBXGroup;
			children = (
				892BA499218B3EE90020C8B4 /* Databasator3000UITests.swift */,
				892BA49B218B3EE90020C8B4 /* Info.plist */,
			);
			path = Databasator3000UITests;
			sourceTree = "<group>";
		};
/* End PBXGroup section */

/* Begin PBXNativeTarget section */
		892BA472218B3EE20020C8B4 /* Databasator3000 */ = {
			isa = PBXNativeTarget;
			buildConfigurationList = 892BA49E218B3EE90020C8B4 /* Build configuration list for PBXNativeTarget "Databasator3000" */;
			buildPhases = (
				892BA46F218B3EE20020C8B4 /* Sources */,
				892BA470218B3EE20020C8B4 /* Frameworks */,
				892BA471218B3EE20020C8B4 /* Resources */,
			);
			buildRules = (
			);
			dependencies = (
			);
			name = Databasator3000;
			productName = Databasator3000;
			productReference = 892BA473218B3EE20020C8B4 /* Databasator3000.app */;
			productType = "com.apple.product-type.application";
		};
		892BA489218B3EE90020C8B4 /* Databasator3000Tests */ = {
			isa = PBXNativeTarget;
			buildConfigurationList = 892BA4A1218B3EE90020C8B4 /* Build configuration list for PBXNativeTarget "Databasator3000Tests" */;
			buildPhases = (
				892BA486218B3EE90020C8B4 /* Sources */,
				892BA487218B3EE90020C8B4 /* Frameworks */,
				892BA488218B3EE90020C8B4 /* Resources */,
			);
			buildRules = (
			);
			dependencies = (
				892BA48C218B3EE90020C8B4 /* PBXTargetDependency */,
			);
			name = Databasator3000Tests;
			productName = Databasator3000Tests;
			productReference = 892BA48A218B3EE90020C8B4 /* Databasator3000Tests.xctest */;
			productType = "com.apple.product-type.bundle.unit-test";
		};
		892BA494218B3EE90020C8B4 /* Databasator3000UITests */ = {
			isa = PBXNativeTarget;
			buildConfigurationList = 892BA4A4218B3EE90020C8B4 /* Build configuration list for PBXNativeTarget "Databasator3000UITests" */;
			buildPhases = (
				892BA491218B3EE90020C8B4 /* Sources */,
				892BA492218B3EE90020C8B4 /* Frameworks */,
				892BA493218B3EE90020C8B4 /* Resources */,
			);
			buildRules = (
			);
			dependencies = (
				892BA497218B3EE90020C8B4 /* PBXTargetDependency */,
			);
			name = Databasator3000UITests;
			productName = Databasator3000UITests;
			productReference = 892BA495218B3EE90020C8B4 /* Databasator3000UITests.xctest */;
			productType = "com.apple.product-type.bundle.ui-testing";
		};
/* End PBXNativeTarget section */

/* Begin PBXProject section */
		892BA46B218B3EE20020C8B4 /* Project object */ = {
			isa = PBXProject;
			attributes = {
				LastSwiftUpdateCheck = 0940;
				LastUpgradeCheck = 0940;
				ORGANIZATIONNAME = Boocha;
				TargetAttributes = {
					892BA472218B3EE20020C8B4 = {
						CreatedOnToolsVersion = 9.4.1;
					};
					892BA489218B3EE90020C8B4 = {
						CreatedOnToolsVersion = 9.4.1;
						TestTargetID = 892BA472218B3EE20020C8B4;
					};
					892BA494218B3EE90020C8B4 = {
						CreatedOnToolsVersion = 9.4.1;
						TestTargetID = 892BA472218B3EE20020C8B4;
					};
				};
			};
			buildConfigurationList = 892BA46E218B3EE20020C8B4 /* Build configuration list for PBXProject "Databasator3000" */;
			compatibilityVersion = "Xcode 9.3";
			developmentRegion = en;
			hasScannedForEncodings = 0;
			knownRegions = (
				en,
				Base,
			);
			mainGroup = 892BA46A218B3EE20020C8B4;
			productRefGroup = 892BA474218B3EE20020C8B4 /* Products */;
			projectDirPath = "";
			projectRoot = "";
			targets = (
				892BA472218B3EE20020C8B4 /* Databasator3000 */,
				892BA489218B3EE90020C8B4 /* Databasator3000Tests */,
				892BA494218B3EE90020C8B4 /* Databasator3000UITests */,
			);
		};
/* End PBXProject section */

/* Begin PBXResourcesBuildPhase section */
		892BA471218B3EE20020C8B4 /* Resources */ = {
			isa = PBXResourcesBuildPhase;
			buildActionMask = 2147483647;
			files = (
				892BA484218B3EE90020C8B4 /* LaunchScreen.storyboard in Resources */,
				892BA481218B3EE90020C8B4 /* Assets.xcassets in Resources */,
				89AE620C219AFD9300F98EE7 /* databaze.csv in Resources */,
				892BA4B1218B41C90020C8B4 /* matrix.png in Resources */,
				892BA47C218B3EE20020C8B4 /* Main.storyboard in Resources */,
				892BA4BB218EEF4E0020C8B4 /* eat.mp3 in Resources */,
			);
			runOnlyForDeploymentPostprocessing = 0;
		};
		892BA488218B3EE90020C8B4 /* Resources */ = {
			isa = PBXResourcesBuildPhase;
			buildActionMask = 2147483647;
			files = (
			);
			runOnlyForDeploymentPostprocessing = 0;
		};
		892BA493218B3EE90020C8B4 /* Resources */ = {
			isa = PBXResourcesBuildPhase;
			buildActionMask = 2147483647;
			files = (
			);
			runOnlyForDeploymentPostprocessing = 0;
		};
/* End PBXResourcesBuildPhase section */

/* Begin PBXSourcesBuildPhase section */
		892BA46F218B3EE20020C8B4 /* Sources */ = {
			isa = PBXSourcesBuildPhase;
			buildActionMask = 2147483647;
			files = (
				892BA4AA218B3F1E0020C8B4 /* CoreDataStack.swift in Sources */,
				892BA4AD218B3F400020C8B4 /* DataBaze.xcdatamodeld in Sources */,
				892BA4A8218B3F0A0020C8B4 /* CSV.swift in Sources */,
				892BA479218B3EE20020C8B4 /* ViewController.swift in Sources */,
				892BA477218B3EE20020C8B4 /* AppDelegate.swift in Sources */,
			);
			runOnlyForDeploymentPostprocessing = 0;
		};
		892BA486218B3EE90020C8B4 /* Sources */ = {
			isa = PBXSourcesBuildPhase;
			buildActionMask = 2147483647;
			files = (
				892BA48F218B3EE90020C8B4 /* Databasator3000Tests.swift in Sources */,
			);
			runOnlyForDeploymentPostprocessing = 0;
		};
		892BA491218B3EE90020C8B4 /* Sources */ = {
			isa = PBXSourcesBuildPhase;
			buildActionMask = 2147483647;
			files = (
				892BA49A218B3EE90020C8B4 /* Databasator3000UITests.swift in Sources */,
			);
			runOnlyForDeploymentPostprocessing = 0;
		};
/* End PBXSourcesBuildPhase section */

/* Begin PBXTargetDependency section */
		892BA48C218B3EE90020C8B4 /* PBXTargetDependency */ = {
			isa = PBXTargetDependency;
			target = 892BA472218B3EE20020C8B4 /* Databasator3000 */;
			targetProxy = 892BA48B218B3EE90020C8B4 /* PBXContainerItemProxy */;
		};
		892BA497218B3EE90020C8B4 /* PBXTargetDependency */ = {
			isa = PBXTargetDependency;
			target = 892BA472218B3EE20020C8B4 /* Databasator3000 */;
			targetProxy = 892BA496218B3EE90020C8B4 /* PBXContainerItemProxy */;
		};
/* End PBXTargetDependency section */

/* Begin PBXVariantGroup section */
		892BA47A218B3EE20020C8B4 /* Main.storyboard */ = {
			isa = PBXVariantGroup;
			children = (
				892BA47B218B3EE20020C8B4 /* Base */,
			);
			name = Main.storyboard;
			sourceTree = "<group>";
		};
		892BA482218B3EE90020C8B4 /* LaunchScreen.storyboard */ = {
			isa = PBXVariantGroup;
			children = (
				892BA483218B3EE90020C8B4 /* Base */,
			);
			name = LaunchScreen.storyboard;
			sourceTree = "<group>";
		};
/* End PBXVariantGroup section */

/* Begin XCBuildConfiguration section */
		892BA49C218B3EE90020C8B4 /* Debug */ = {
			isa = XCBuildConfiguration;
			buildSettings = {
				ALWAYS_SEARCH_USER_PATHS = NO;
				CLANG_ANALYZER_NONNULL = YES;
				CLANG_ANALYZER_NUMBER_OBJECT_CONVERSION = YES_AGGRESSIVE;
				CLANG_CXX_LANGUAGE_STANDARD = "gnu++14";
				CLANG_CXX_LIBRARY = "libc++";
				CLANG_ENABLE_MODULES = YES;
				CLANG_ENABLE_OBJC_ARC = YES;
				CLANG_ENABLE_OBJC_WEAK = YES;
				CLANG_WARN_BLOCK_CAPTURE_AUTORELEASING = YES;
				CLANG_WARN_BOOL_CONVERSION = YES;
				CLANG_WARN_COMMA = YES;
				CLANG_WARN_CONSTANT_CONVERSION = YES;
				CLANG_WARN_DEPRECATED_OBJC_IMPLEMENTATIONS = YES;
				CLANG_WARN_DIRECT_OBJC_ISA_USAGE = YES_ERROR;
				CLANG_WARN_DOCUMENTATION_COMMENTS = YES;
				CLANG_WARN_EMPTY_BODY = YES;
				CLANG_WARN_ENUM_CONVERSION = YES;
				CLANG_WARN_INFINITE_RECURSION = YES;
				CLANG_WARN_INT_CONVERSION = YES;
				CLANG_WARN_NON_LITERAL_NULL_CONVERSION = YES;
				CLANG_WARN_OBJC_IMPLICIT_RETAIN_SELF = YES;
				CLANG_WARN_OBJC_LITERAL_CONVERSION = YES;
				CLANG_WARN_OBJC_ROOT_CLASS = YES_ERROR;
				CLANG_WARN_RANGE_LOOP_ANALYSIS = YES;
				CLANG_WARN_STRICT_PROTOTYPES = YES;
				CLANG_WARN_SUSPICIOUS_MOVE = YES;
				CLANG_WARN_UNGUARDED_AVAILABILITY = YES_AGGRESSIVE;
				CLANG_WARN_UNREACHABLE_CODE = YES;
				CLANG_WARN__DUPLICATE_METHOD_MATCH = YES;
				CODE_SIGN_IDENTITY = "iPhone Developer";
				COPY_PHASE_STRIP = NO;
				DEBUG_INFORMATION_FORMAT = dwarf;
				ENABLE_STRICT_OBJC_MSGSEND = YES;
				ENABLE_TESTABILITY = YES;
				GCC_C_LANGUAGE_STANDARD = gnu11;
				GCC_DYNAMIC_NO_PIC = NO;
				GCC_NO_COMMON_BLOCKS = YES;
				GCC_OPTIMIZATION_LEVEL = 0;
				GCC_PREPROCESSOR_DEFINITIONS = (
					"DEBUG=1",
					"$(inherited)",
				);
				GCC_WARN_64_TO_32_BIT_CONVERSION = YES;
				GCC_WARN_ABOUT_RETURN_TYPE = YES_ERROR;
				GCC_WARN_UNDECLARED_SELECTOR = YES;
				GCC_WARN_UNINITIALIZED_AUTOS = YES_AGGRESSIVE;
				GCC_WARN_UNUSED_FUNCTION = YES;
				GCC_WARN_UNUSED_VARIABLE = YES;
				IPHONEOS_DEPLOYMENT_TARGET = 11.4;
				MTL_ENABLE_DEBUG_INFO = YES;
				ONLY_ACTIVE_ARCH = YES;
				SDKROOT = iphoneos;
				SWIFT_ACTIVE_COMPILATION_CONDITIONS = DEBUG;
				SWIFT_OPTIMIZATION_LEVEL = "-Onone";
			};
			name = Debug;
		};
		892BA49D218B3EE90020C8B4 /* Release */ = {
			isa = XCBuildConfiguration;
			buildSettings = {
				ALWAYS_SEARCH_USER_PATHS = NO;
				CLANG_ANALYZER_NONNULL = YES;
				CLANG_ANALYZER_NUMBER_OBJECT_CONVERSION = YES_AGGRESSIVE;
				CLANG_CXX_LANGUAGE_STANDARD = "gnu++14";
				CLANG_CXX_LIBRARY = "libc++";
				CLANG_ENABLE_MODULES = YES;
				CLANG_ENABLE_OBJC_ARC = YES;
				CLANG_ENABLE_OBJC_WEAK = YES;
				CLANG_WARN_BLOCK_CAPTURE_AUTORELEASING = YES;
				CLANG_WARN_BOOL_CONVERSION = YES;
				CLANG_WARN_COMMA = YES;
				CLANG_WARN_CONSTANT_CONVERSION = YES;
				CLANG_WARN_DEPRECATED_OBJC_IMPLEMENTATIONS = YES;
				CLANG_WARN_DIRECT_OBJC_ISA_USAGE = YES_ERROR;
				CLANG_WARN_DOCUMENTATION_COMMENTS = YES;
				CLANG_WARN_EMPTY_BODY = YES;
				CLANG_WARN_ENUM_CONVERSION = YES;
				CLANG_WARN_INFINITE_RECURSION = YES;
				CLANG_WARN_INT_CONVERSION = YES;
				CLANG_WARN_NON_LITERAL_NULL_CONVERSION = YES;
				CLANG_WARN_OBJC_IMPLICIT_RETAIN_SELF = YES;
				CLANG_WARN_OBJC_LITERAL_CONVERSION = YES;
				CLANG_WARN_OBJC_ROOT_CLASS = YES_ERROR;
				CLANG_WARN_RANGE_LOOP_ANALYSIS = YES;
				CLANG_WARN_STRICT_PROTOTYPES = YES;
				CLANG_WARN_SUSPICIOUS_MOVE = YES;
				CLANG_WARN_UNGUARDED_AVAILABILITY = YES_AGGRESSIVE;
				CLANG_WARN_UNREACHABLE_CODE = YES;
				CLANG_WARN__DUPLICATE_METHOD_MATCH = YES;
				CODE_SIGN_IDENTITY = "iPhone Developer";
				COPY_PHASE_STRIP = NO;
				DEBUG_INFORMATION_FORMAT = "dwarf-with-dsym";
				ENABLE_NS_ASSERTIONS = NO;
				ENABLE_STRICT_OBJC_MSGSEND = YES;
				GCC_C_LANGUAGE_STANDARD = gnu11;
				GCC_NO_COMMON_BLOCKS = YES;
				GCC_WARN_64_TO_32_BIT_CONVERSION = YES;
				GCC_WARN_ABOUT_RETURN_TYPE = YES_ERROR;
				GCC_WARN_UNDECLARED_SELECTOR = YES;
				GCC_WARN_UNINITIALIZED_AUTOS = YES_AGGRESSIVE;
				GCC_WARN_UNUSED_FUNCTION = YES;
				GCC_WARN_UNUSED_VARIABLE = YES;
				IPHONEOS_DEPLOYMENT_TARGET = 11.4;
				MTL_ENABLE_DEBUG_INFO = NO;
				SDKROOT = iphoneos;
				SWIFT_COMPILATION_MODE = wholemodule;
				SWIFT_OPTIMIZATION_LEVEL = "-O";
				VALIDATE_PRODUCT = YES;
			};
			name = Release;
		};
		892BA49F218B3EE90020C8B4 /* Debug */ = {
			isa = XCBuildConfiguration;
			buildSettings = {
				ASSETCATALOG_COMPILER_APPICON_NAME = AppIcon;
				CODE_SIGN_STYLE = Automatic;
				DEVELOPMENT_TEAM = F9SQL5NE4J;
				INFOPLIST_FILE = Databasator3000/Info.plist;
				LD_RUNPATH_SEARCH_PATHS = (
					"$(inherited)",
					"@executable_path/Frameworks",
				);
				PRODUCT_BUNDLE_IDENTIFIER = "dont-have.Databasator3000";
				PRODUCT_NAME = "$(TARGET_NAME)";
				SWIFT_VERSION = 4.0;
				TARGETED_DEVICE_FAMILY = "1,2";
			};
			name = Debug;
		};
		892BA4A0218B3EE90020C8B4 /* Release */ = {
			isa = XCBuildConfiguration;
			buildSettings = {
				ASSETCATALOG_COMPILER_APPICON_NAME = AppIcon;
				CODE_SIGN_STYLE = Automatic;
				DEVELOPMENT_TEAM = F9SQL5NE4J;
				INFOPLIST_FILE = Databasator3000/Info.plist;
				LD_RUNPATH_SEARCH_PATHS = (
					"$(inherited)",
					"@executable_path/Frameworks",
				);
				PRODUCT_BUNDLE_IDENTIFIER = "dont-have.Databasator3000";
				PRODUCT_NAME = "$(TARGET_NAME)";
				SWIFT_VERSION = 4.0;
				TARGETED_DEVICE_FAMILY = "1,2";
			};
			name = Release;
		};
		892BA4A2218B3EE90020C8B4 /* Debug */ = {
			isa = XCBuildConfiguration;
			buildSettings = {
				ALWAYS_EMBED_SWIFT_STANDARD_LIBRARIES = YES;
				BUNDLE_LOADER = "$(TEST_HOST)";
				CODE_SIGN_STYLE = Automatic;
				DEVELOPMENT_TEAM = F9SQL5NE4J;
				INFOPLIST_FILE = Databasator3000Tests/Info.plist;
				LD_RUNPATH_SEARCH_PATHS = (
					"$(inherited)",
					"@executable_path/Frameworks",
					"@loader_path/Frameworks",
				);
				PRODUCT_BUNDLE_IDENTIFIER = "dont-have.Databasator3000Tests";
				PRODUCT_NAME = "$(TARGET_NAME)";
				SWIFT_VERSION = 4.0;
				TARGETED_DEVICE_FAMILY = "1,2";
				TEST_HOST = "$(BUILT_PRODUCTS_DIR)/Databasator3000.app/Databasator3000";
			};
			name = Debug;
		};
		892BA4A3218B3EE90020C8B4 /* Release */ = {
			isa = XCBuildConfiguration;
			buildSettings = {
				ALWAYS_EMBED_SWIFT_STANDARD_LIBRARIES = YES;
				BUNDLE_LOADER = "$(TEST_HOST)";
				CODE_SIGN_STYLE = Automatic;
				DEVELOPMENT_TEAM = F9SQL5NE4J;
				INFOPLIST_FILE = Databasator3000Tests/Info.plist;
				LD_RUNPATH_SEARCH_PATHS = (
					"$(inherited)",
					"@executable_path/Frameworks",
					"@loader_path/Frameworks",
				);
				PRODUCT_BUNDLE_IDENTIFIER = "dont-have.Databasator3000Tests";
				PRODUCT_NAME = "$(TARGET_NAME)";
				SWIFT_VERSION = 4.0;
				TARGETED_DEVICE_FAMILY = "1,2";
				TEST_HOST = "$(BUILT_PRODUCTS_DIR)/Databasator3000.app/Databasator3000";
			};
			name = Release;
		};
		892BA4A5218B3EE90020C8B4 /* Debug */ = {
			isa = XCBuildConfiguration;
			buildSettings = {
				ALWAYS_EMBED_SWIFT_STANDARD_LIBRARIES = YES;
				CODE_SIGN_STYLE = Automatic;
				DEVELOPMENT_TEAM = F9SQL5NE4J;
				INFOPLIST_FILE = Databasator3000UITests/Info.plist;
				LD_RUNPATH_SEARCH_PATHS = (
					"$(inherited)",
					"@executable_path/Frameworks",
					"@loader_path/Frameworks",
				);
				PRODUCT_BUNDLE_IDENTIFIER = "dont-have.Databasator3000UITests";
				PRODUCT_NAME = "$(TARGET_NAME)";
				SWIFT_VERSION = 4.0;
				TARGETED_DEVICE_FAMILY = "1,2";
				TEST_TARGET_NAME = Databasator3000;
			};
			name = Debug;
		};
		892BA4A6218B3EE90020C8B4 /* Release */ = {
			isa = XCBuildConfiguration;
			buildSettings = {
				ALWAYS_EMBED_SWIFT_STANDARD_LIBRARIES = YES;
				CODE_SIGN_STYLE = Automatic;
				DEVELOPMENT_TEAM = F9SQL5NE4J;
				INFOPLIST_FILE = Databasator3000UITests/Info.plist;
				LD_RUNPATH_SEARCH_PATHS = (
					"$(inherited)",
					"@executable_path/Frameworks",
					"@loader_path/Frameworks",
				);
				PRODUCT_BUNDLE_IDENTIFIER = "dont-have.Databasator3000UITests";
				PRODUCT_NAME = "$(TARGET_NAME)";
				SWIFT_VERSION = 4.0;
				TARGETED_DEVICE_FAMILY = "1,2";
				TEST_TARGET_NAME = Databasator3000;
			};
			name = Release;
		};
/* End XCBuildConfiguration section */

/* Begin XCConfigurationList section */
		892BA46E218B3EE20020C8B4 /* Build configuration list for PBXProject "Databasator3000" */ = {
			isa = XCConfigurationList;
			buildConfigurations = (
				892BA49C218B3EE90020C8B4 /* Debug */,
				892BA49D218B3EE90020C8B4 /* Release */,
			);
			defaultConfigurationIsVisible = 0;
			defaultConfigurationName = Release;
		};
		892BA49E218B3EE90020C8B4 /* Build configuration list for PBXNativeTarget "Databasator3000" */ = {
			isa = XCConfigurationList;
			buildConfigurations = (
				892BA49F218B3EE90020C8B4 /* Debug */,
				892BA4A0218B3EE90020C8B4 /* Release */,
			);
			defaultConfigurationIsVisible = 0;
			defaultConfigurationName = Release;
		};
		892BA4A1218B3EE90020C8B4 /* Build configuration list for PBXNativeTarget "Databasator3000Tests" */ = {
			isa = XCConfigurationList;
			buildConfigurations = (
				892BA4A2218B3EE90020C8B4 /* Debug */,
				892BA4A3218B3EE90020C8B4 /* Release */,
			);
			defaultConfigurationIsVisible = 0;
			defaultConfigurationName = Release;
		};
		892BA4A4218B3EE90020C8B4 /* Build configuration list for PBXNativeTarget "Databasator3000UITests" */ = {
			isa = XCConfigurationList;
			buildConfigurations = (
				892BA4A5218B3EE90020C8B4 /* Debug */,
				892BA4A6218B3EE90020C8B4 /* Release */,
			);
			defaultConfigurationIsVisible = 0;
			defaultConfigurationName = Release;
		};
/* End XCConfigurationList section */

/* Begin XCVersionGroup section */
		892BA4AB218B3F400020C8B4 /* DataBaze.xcdatamodeld */ = {
			isa = XCVersionGroup;
			children = (
				892BA4AC218B3F400020C8B4 /* DataFinal280417.xcdatamodel */,
			);
			currentVersion = 892BA4AC218B3F400020C8B4 /* DataFinal280417.xcdatamodel */;
			path = DataBaze.xcdatamodeld;
			sourceTree = "<group>";
			versionGroupType = wrapper.xcdatamodel;
		};
/* End XCVersionGroup section */
	};
	rootObject = 892BA46B218B3EE20020C8B4 /* Project object */;
}
